
Microsoft Visual Studio Solution File, Format Version 12.00
# Visual Studio Version 16
VisualStudioVersion = 16.0.30611.23
MinimumVisualStudioVersion = 10.0.40219.1
Project("{FAE04EC0-301F-11D3-BF4B-00C04F79EFBC}") = "Game15", "Game15.csproj", "{65A0497A-DF1F-489E-8E71-1A5A1BB3187E}"
EndProject
Global
	GlobalSection(SolutionConfigurationPlatforms) = preSolution
		Debug|Any CPU = Debug|Any CPU
		Release|Any CPU = Release|Any CPU
	EndGlobalSection
	GlobalSection(ProjectConfigurationPlatforms) = postSolution
		{65A0497A-DF1F-489E-8E71-1A5A1BB3187E}.Debug|Any CPU.ActiveCfg = Debug|Any CPU
		{65A0497A-DF1F-489E-8E71-1A5A1BB3187E}.Debug|Any CPU.Build.0 = Debug|Any CPU
		{65A0497A-DF1F-489E-8E71-1A5A1BB3187E}.Release|Any CPU.ActiveCfg = Release|Any CPU
		{65A0497A-DF1F-489E-8E71-1A5A1BB3187E}.Release|Any CPU.Build.0 = Release|Any CPU
	EndGlobalSection
	GlobalSection(SolutionProperties) = preSolution
		HideSolutionNode = FALSE
	EndGlobalSection
	GlobalSection(ExtensibilityGlobals) = postSolution
		SolutionGuid = {010812E6-9660-409B-AFF5-AEE5F5E90FF1}
	EndGlobalSection
EndGlobal
